// !$*UTF8*$!
{
	archiveVersion = 1;
	classes = {
	};
	objectVersion = 46;
	objects = {

/* Begin PBXBuildFile section */
		1834B1971E7FA93A00DA89F6 /* AppDelegate.swift in Sources */ = {isa = PBXBuildFile; fileRef = 1834B1961E7FA93A00DA89F6 /* AppDelegate.swift */; };
		1834B1991E7FA93A00DA89F6 /* ViewController.swift in Sources */ = {isa = PBXBuildFile; fileRef = 1834B1981E7FA93A00DA89F6 /* ViewController.swift */; };
		1834B19C1E7FA93A00DA89F6 /* Main.storyboard in Resources */ = {isa = PBXBuildFile; fileRef = 1834B19A1E7FA93A00DA89F6 /* Main.storyboard */; };
		1834B19E1E7FA93A00DA89F6 /* Assets.xcassets in Resources */ = {isa = PBXBuildFile; fileRef = 1834B19D1E7FA93A00DA89F6 /* Assets.xcassets */; };
		1834B1A11E7FA93A00DA89F6 /* LaunchScreen.storyboard in Resources */ = {isa = PBXBuildFile; fileRef = 1834B19F1E7FA93A00DA89F6 /* LaunchScreen.storyboard */; };
		1834B1AC1E7FA93A00DA89F6 /* NotificationDemoTests.swift in Sources */ = {isa = PBXBuildFile; fileRef = 1834B1AB1E7FA93A00DA89F6 /* NotificationDemoTests.swift */; };
		1834B1B71E7FA93A00DA89F6 /* NotificationDemoUITests.swift in Sources */ = {isa = PBXBuildFile; fileRef = 1834B1B61E7FA93A00DA89F6 /* NotificationDemoUITests.swift */; };
		1834B1C61E7FA96800DA89F6 /* NotificationCenter.framework in Frameworks */ = {isa = PBXBuildFile; fileRef = 1834B1C51E7FA96800DA89F6 /* NotificationCenter.framework */; };
		1834B1C81E7FB0CD00DA89F6 /* UserNotifications.framework in Frameworks */ = {isa = PBXBuildFile; fileRef = 1834B1C71E7FB0CD00DA89F6 /* UserNotifications.framework */; };
		1834B1D11E7FBB2E00DA89F6 /* NotificationService.swift in Sources */ = {isa = PBXBuildFile; fileRef = 1834B1D01E7FBB2E00DA89F6 /* NotificationService.swift */; };
		1834B1D51E7FBB2E00DA89F6 /* NotificationService.appex in Embed App Extensions */ = {isa = PBXBuildFile; fileRef = 1834B1CE1E7FBB2E00DA89F6 /* NotificationService.appex */; settings = {ATTRIBUTES = (RemoveHeadersOnCopy, ); }; };
		1834B1DF1E7FBEEE00DA89F6 /* UserNotifications.framework in Frameworks */ = {isa = PBXBuildFile; fileRef = 1834B1C71E7FB0CD00DA89F6 /* UserNotifications.framework */; };
		1834B1E11E7FBEEE00DA89F6 /* UserNotificationsUI.framework in Frameworks */ = {isa = PBXBuildFile; fileRef = 1834B1E01E7FBEEE00DA89F6 /* UserNotificationsUI.framework */; };
		1834B1E41E7FBEEE00DA89F6 /* NotificationViewController.swift in Sources */ = {isa = PBXBuildFile; fileRef = 1834B1E31E7FBEEE00DA89F6 /* NotificationViewController.swift */; };
		1834B1E71E7FBEEE00DA89F6 /* MainInterface.storyboard in Resources */ = {isa = PBXBuildFile; fileRef = 1834B1E51E7FBEEE00DA89F6 /* MainInterface.storyboard */; };
		1834B1EB1E7FBEEE00DA89F6 /* NotificationViewController.appex in Embed App Extensions */ = {isa = PBXBuildFile; fileRef = 1834B1DE1E7FBEEE00DA89F6 /* NotificationViewController.appex */; settings = {ATTRIBUTES = (RemoveHeadersOnCopy, ); }; };
/* End PBXBuildFile section */

/* Begin PBXContainerItemProxy section */
		1834B1A81E7FA93A00DA89F6 /* PBXContainerItemProxy */ = {
			isa = PBXContainerItemProxy;
			containerPortal = 1834B18B1E7FA93A00DA89F6 /* Project object */;
			proxyType = 1;
			remoteGlobalIDString = 1834B1921E7FA93A00DA89F6;
			remoteInfo = NotificationDemo;
		};
		1834B1B31E7FA93A00DA89F6 /* PBXContainerItemProxy */ = {
			isa = PBXContainerItemProxy;
			containerPortal = 1834B18B1E7FA93A00DA89F6 /* Project object */;
			proxyType = 1;
			remoteGlobalIDString = 1834B1921E7FA93A00DA89F6;
			remoteInfo = NotificationDemo;
		};
		1834B1D31E7FBB2E00DA89F6 /* PBXContainerItemProxy */ = {
			isa = PBXContainerItemProxy;
			containerPortal = 1834B18B1E7FA93A00DA89F6 /* Project object */;
			proxyType = 1;
			remoteGlobalIDString = 1834B1CD1E7FBB2E00DA89F6;
			remoteInfo = NotificationService;
		};
		1834B1E91E7FBEEE00DA89F6 /* PBXContainerItemProxy */ = {
			isa = PBXContainerItemProxy;
			containerPortal = 1834B18B1E7FA93A00DA89F6 /* Project object */;
			proxyType = 1;
			remoteGlobalIDString = 1834B1DD1E7FBEEE00DA89F6;
			remoteInfo = NotificationViewController;
		};
/* End PBXContainerItemProxy section */

/* Begin PBXCopyFilesBuildPhase section */
		1834B1D91E7FBB2E00DA89F6 /* Embed App Extensions */ = {
			isa = PBXCopyFilesBuildPhase;
			buildActionMask = 2147483647;
			dstPath = "";
			dstSubfolderSpec = 13;
			files = (
				1834B1EB1E7FBEEE00DA89F6 /* NotificationViewController.appex in Embed App Extensions */,
				1834B1D51E7FBB2E00DA89F6 /* NotificationService.appex in Embed App Extensions */,
			);
			name = "Embed App Extensions";
			runOnlyForDeploymentPostprocessing = 0;
		};
/* End PBXCopyFilesBuildPhase section */

/* Begin PBXFileReference section */
		1834B1931E7FA93A00DA89F6 /* NotificationDemo.app */ = {isa = PBXFileReference; explicitFileType = wrapper.application; includeInIndex = 0; path = NotificationDemo.app; sourceTree = BUILT_PRODUCTS_DIR; };
		1834B1961E7FA93A00DA89F6 /* AppDelegate.swift */ = {isa = PBXFileReference; lastKnownFileType = sourcecode.swift; path = AppDelegate.swift; sourceTree = "<group>"; };
		1834B1981E7FA93A00DA89F6 /* ViewController.swift */ = {isa = PBXFileReference; lastKnownFileType = sourcecode.swift; path = ViewController.swift; sourceTree = "<group>"; };
		1834B19B1E7FA93A00DA89F6 /* Base */ = {isa = PBXFileReference; lastKnownFileType = file.storyboard; name = Base; path = Base.lproj/Main.storyboard; sourceTree = "<group>"; };
		1834B19D1E7FA93A00DA89F6 /* Assets.xcassets */ = {isa = PBXFileReference; lastKnownFileType = folder.assetcatalog; path = Assets.xcassets; sourceTree = "<group>"; };
		1834B1A01E7FA93A00DA89F6 /* Base */ = {isa = PBXFileReference; lastKnownFileType = file.storyboard; name = Base; path = Base.lproj/LaunchScreen.storyboard; sourceTree = "<group>"; };
		1834B1A21E7FA93A00DA89F6 /* Info.plist */ = {isa = PBXFileReference; lastKnownFileType = text.plist.xml; path = Info.plist; sourceTree = "<group>"; };
		1834B1A71E7FA93A00DA89F6 /* NotificationDemoTests.xctest */ = {isa = PBXFileReference; explicitFileType = wrapper.cfbundle; includeInIndex = 0; path = NotificationDemoTests.xctest; sourceTree = BUILT_PRODUCTS_DIR; };
		1834B1AB1E7FA93A00DA89F6 /* NotificationDemoTests.swift */ = {isa = PBXFileReference; lastKnownFileType = sourcecode.swift; path = NotificationDemoTests.swift; sourceTree = "<group>"; };
		1834B1AD1E7FA93A00DA89F6 /* Info.plist */ = {isa = PBXFileReference; lastKnownFileType = text.plist.xml; path = Info.plist; sourceTree = "<group>"; };
		1834B1B21E7FA93A00DA89F6 /* NotificationDemoUITests.xctest */ = {isa = PBXFileReference; explicitFileType = wrapper.cfbundle; includeInIndex = 0; path = NotificationDemoUITests.xctest; sourceTree = BUILT_PRODUCTS_DIR; };
		1834B1B61E7FA93A00DA89F6 /* NotificationDemoUITests.swift */ = {isa = PBXFileReference; lastKnownFileType = sourcecode.swift; path = NotificationDemoUITests.swift; sourceTree = "<group>"; };
		1834B1B81E7FA93A00DA89F6 /* Info.plist */ = {isa = PBXFileReference; lastKnownFileType = text.plist.xml; path = Info.plist; sourceTree = "<group>"; };
		1834B1C51E7FA96800DA89F6 /* NotificationCenter.framework */ = {isa = PBXFileReference; lastKnownFileType = wrapper.framework; name = NotificationCenter.framework; path = System/Library/Frameworks/NotificationCenter.framework; sourceTree = SDKROOT; };
		1834B1C71E7FB0CD00DA89F6 /* UserNotifications.framework */ = {isa = PBXFileReference; lastKnownFileType = wrapper.framework; name = UserNotifications.framework; path = System/Library/Frameworks/UserNotifications.framework; sourceTree = SDKROOT; };
		1834B1C91E7FB93A00DA89F6 /* NotificationDemo.entitlements */ = {isa = PBXFileReference; lastKnownFileType = text.plist.entitlements; path = NotificationDemo.entitlements; sourceTree = "<group>"; };
		1834B1CE1E7FBB2E00DA89F6 /* NotificationService.appex */ = {isa = PBXFileReference; explicitFileType = "wrapper.app-extension"; includeInIndex = 0; path = NotificationService.appex; sourceTree = BUILT_PRODUCTS_DIR; };
		1834B1D01E7FBB2E00DA89F6 /* NotificationService.swift */ = {isa = PBXFileReference; lastKnownFileType = sourcecode.swift; path = NotificationService.swift; sourceTree = "<group>"; };
		1834B1D21E7FBB2E00DA89F6 /* Info.plist */ = {isa = PBXFileReference; lastKnownFileType = text.plist.xml; path = Info.plist; sourceTree = "<group>"; };
		1834B1DE1E7FBEEE00DA89F6 /* NotificationViewController.appex */ = {isa = PBXFileReference; explicitFileType = "wrapper.app-extension"; includeInIndex = 0; path = NotificationViewController.appex; sourceTree = BUILT_PRODUCTS_DIR; };
		1834B1E01E7FBEEE00DA89F6 /* UserNotificationsUI.framework */ = {isa = PBXFileReference; lastKnownFileType = wrapper.framework; name = UserNotificationsUI.framework; path = System/Library/Frameworks/UserNotificationsUI.framework; sourceTree = SDKROOT; };
		1834B1E31E7FBEEE00DA89F6 /* NotificationViewController.swift */ = {isa = PBXFileReference; lastKnownFileType = sourcecode.swift; path = NotificationViewController.swift; sourceTree = "<group>"; };
		1834B1E61E7FBEEE00DA89F6 /* Base */ = {isa = PBXFileReference; lastKnownFileType = file.storyboard; name = Base; path = Base.lproj/MainInterface.storyboard; sourceTree = "<group>"; };
		1834B1E81E7FBEEE00DA89F6 /* Info.plist */ = {isa = PBXFileReference; lastKnownFileType = text.plist.xml; path = Info.plist; sourceTree = "<group>"; };
/* End PBXFileReference section */

/* Begin PBXFrameworksBuildPhase section */
		1834B1901E7FA93A00DA89F6 /* Frameworks */ = {
			isa = PBXFrameworksBuildPhase;
			buildActionMask = 2147483647;
			files = (
				1834B1C81E7FB0CD00DA89F6 /* UserNotifications.framework in Frameworks */,
				1834B1C61E7FA96800DA89F6 /* NotificationCenter.framework in Frameworks */,
			);
			runOnlyForDeploymentPostprocessing = 0;
		};
		1834B1A41E7FA93A00DA89F6 /* Frameworks */ = {
			isa = PBXFrameworksBuildPhase;
			buildActionMask = 2147483647;
			files = (
			);
			runOnlyForDeploymentPostprocessing = 0;
		};
		1834B1AF1E7FA93A00DA89F6 /* Frameworks */ = {
			isa = PBXFrameworksBuildPhase;
			buildActionMask = 2147483647;
			files = (
			);
			runOnlyForDeploymentPostprocessing = 0;
		};
		1834B1CB1E7FBB2E00DA89F6 /* Frameworks */ = {
			isa = PBXFrameworksBuildPhase;
			buildActionMask = 2147483647;
			files = (
			);
			runOnlyForDeploymentPostprocessing = 0;
		};
		1834B1DB1E7FBEEE00DA89F6 /* Frameworks */ = {
			isa = PBXFrameworksBuildPhase;
			buildActionMask = 2147483647;
			files = (
				1834B1E11E7FBEEE00DA89F6 /* UserNotificationsUI.framework in Frameworks */,
				1834B1DF1E7FBEEE00DA89F6 /* UserNotifications.framework in Frameworks */,
			);
			runOnlyForDeploymentPostprocessing = 0;
		};
/* End PBXFrameworksBuildPhase section */

/* Begin PBXGroup section */
		1834B18A1E7FA93A00DA89F6 = {
			isa = PBXGroup;
			children = (
				1834B1951E7FA93A00DA89F6 /* NotificationDemo */,
				1834B1AA1E7FA93A00DA89F6 /* NotificationDemoTests */,
				1834B1B51E7FA93A00DA89F6 /* NotificationDemoUITests */,
				1834B1CF1E7FBB2E00DA89F6 /* NotificationService */,
				1834B1E21E7FBEEE00DA89F6 /* NotificationViewController */,
				1834B1941E7FA93A00DA89F6 /* Products */,
				1834B1C41E7FA96800DA89F6 /* Frameworks */,
			);
			sourceTree = "<group>";
		};
		1834B1941E7FA93A00DA89F6 /* Products */ = {
			isa = PBXGroup;
			children = (
				1834B1931E7FA93A00DA89F6 /* NotificationDemo.app */,
				1834B1A71E7FA93A00DA89F6 /* NotificationDemoTests.xctest */,
				1834B1B21E7FA93A00DA89F6 /* NotificationDemoUITests.xctest */,
				1834B1CE1E7FBB2E00DA89F6 /* NotificationService.appex */,
				1834B1DE1E7FBEEE00DA89F6 /* NotificationViewController.appex */,
			);
			name = Products;
			sourceTree = "<group>";
		};
		1834B1951E7FA93A00DA89F6 /* NotificationDemo */ = {
			isa = PBXGroup;
			children = (
				1834B1C91E7FB93A00DA89F6 /* NotificationDemo.entitlements */,
				1834B1961E7FA93A00DA89F6 /* AppDelegate.swift */,
				1834B1981E7FA93A00DA89F6 /* ViewController.swift */,
				1834B19A1E7FA93A00DA89F6 /* Main.storyboard */,
				1834B19D1E7FA93A00DA89F6 /* Assets.xcassets */,
				1834B19F1E7FA93A00DA89F6 /* LaunchScreen.storyboard */,
				1834B1A21E7FA93A00DA89F6 /* Info.plist */,
			);
			path = NotificationDemo;
			sourceTree = "<group>";
		};
		1834B1AA1E7FA93A00DA89F6 /* NotificationDemoTests */ = {
			isa = PBXGroup;
			children = (
				1834B1AB1E7FA93A00DA89F6 /* NotificationDemoTests.swift */,
				1834B1AD1E7FA93A00DA89F6 /* Info.plist */,
			);
			path = NotificationDemoTests;
			sourceTree = "<group>";
		};
		1834B1B51E7FA93A00DA89F6 /* NotificationDemoUITests */ = {
			isa = PBXGroup;
			children = (
				1834B1B61E7FA93A00DA89F6 /* NotificationDemoUITests.swift */,
				1834B1B81E7FA93A00DA89F6 /* Info.plist */,
			);
			path = NotificationDemoUITests;
			sourceTree = "<group>";
		};
		1834B1C41E7FA96800DA89F6 /* Frameworks */ = {
			isa = PBXGroup;
			children = (
				1834B1C71E7FB0CD00DA89F6 /* UserNotifications.framework */,
				1834B1C51E7FA96800DA89F6 /* NotificationCenter.framework */,
				1834B1E01E7FBEEE00DA89F6 /* UserNotificationsUI.framework */,
			);
			name = Frameworks;
			sourceTree = "<group>";
		};
		1834B1CF1E7FBB2E00DA89F6 /* NotificationService */ = {
			isa = PBXGroup;
			children = (
				1834B1D01E7FBB2E00DA89F6 /* NotificationService.swift */,
				1834B1D21E7FBB2E00DA89F6 /* Info.plist */,
			);
			path = NotificationService;
			sourceTree = "<group>";
		};
		1834B1E21E7FBEEE00DA89F6 /* NotificationViewController */ = {
			isa = PBXGroup;
			children = (
				1834B1E31E7FBEEE00DA89F6 /* NotificationViewController.swift */,
				1834B1E51E7FBEEE00DA89F6 /* MainInterface.storyboard */,
				1834B1E81E7FBEEE00DA89F6 /* Info.plist */,
			);
			path = NotificationViewController;
			sourceTree = "<group>";
		};
/* End PBXGroup section */

/* Begin PBXNativeTarget section */
		1834B1921E7FA93A00DA89F6 /* NotificationDemo */ = {
			isa = PBXNativeTarget;
			buildConfigurationList = 1834B1BB1E7FA93A00DA89F6 /* Build configuration list for PBXNativeTarget "NotificationDemo" */;
			buildPhases = (
				1834B18F1E7FA93A00DA89F6 /* Sources */,
				1834B1901E7FA93A00DA89F6 /* Frameworks */,
				1834B1911E7FA93A00DA89F6 /* Resources */,
				1834B1D91E7FBB2E00DA89F6 /* Embed App Extensions */,
			);
			buildRules = (
			);
			dependencies = (
				1834B1D41E7FBB2E00DA89F6 /* PBXTargetDependency */,
				1834B1EA1E7FBEEE00DA89F6 /* PBXTargetDependency */,
			);
			name = NotificationDemo;
			productName = NotificationDemo;
			productReference = 1834B1931E7FA93A00DA89F6 /* NotificationDemo.app */;
			productType = "com.apple.product-type.application";
		};
		1834B1A61E7FA93A00DA89F6 /* NotificationDemoTests */ = {
			isa = PBXNativeTarget;
			buildConfigurationList = 1834B1BE1E7FA93A00DA89F6 /* Build configuration list for PBXNativeTarget "NotificationDemoTests" */;
			buildPhases = (
				1834B1A31E7FA93A00DA89F6 /* Sources */,
				1834B1A41E7FA93A00DA89F6 /* Frameworks */,
				1834B1A51E7FA93A00DA89F6 /* Resources */,
			);
			buildRules = (
			);
			dependencies = (
				1834B1A91E7FA93A00DA89F6 /* PBXTargetDependency */,
			);
			name = NotificationDemoTests;
			productName = NotificationDemoTests;
			productReference = 1834B1A71E7FA93A00DA89F6 /* NotificationDemoTests.xctest */;
			productType = "com.apple.product-type.bundle.unit-test";
		};
		1834B1B11E7FA93A00DA89F6 /* NotificationDemoUITests */ = {
			isa = PBXNativeTarget;
			buildConfigurationList = 1834B1C11E7FA93A00DA89F6 /* Build configuration list for PBXNativeTarget "NotificationDemoUITests" */;
			buildPhases = (
				1834B1AE1E7FA93A00DA89F6 /* Sources */,
				1834B1AF1E7FA93A00DA89F6 /* Frameworks */,
				1834B1B01E7FA93A00DA89F6 /* Resources */,
			);
			buildRules = (
			);
			dependencies = (
				1834B1B41E7FA93A00DA89F6 /* PBXTargetDependency */,
			);
			name = NotificationDemoUITests;
			productName = NotificationDemoUITests;
			productReference = 1834B1B21E7FA93A00DA89F6 /* NotificationDemoUITests.xctest */;
			productType = "com.apple.product-type.bundle.ui-testing";
		};
		1834B1CD1E7FBB2E00DA89F6 /* NotificationService */ = {
			isa = PBXNativeTarget;
			buildConfigurationList = 1834B1D61E7FBB2E00DA89F6 /* Build configuration list for PBXNativeTarget "NotificationService" */;
			buildPhases = (
				1834B1CA1E7FBB2E00DA89F6 /* Sources */,
				1834B1CB1E7FBB2E00DA89F6 /* Frameworks */,
				1834B1CC1E7FBB2E00DA89F6 /* Resources */,
			);
			buildRules = (
			);
			dependencies = (
			);
			name = NotificationService;
			productName = NotificationService;
			productReference = 1834B1CE1E7FBB2E00DA89F6 /* NotificationService.appex */;
			productType = "com.apple.product-type.app-extension";
		};
		1834B1DD1E7FBEEE00DA89F6 /* NotificationViewController */ = {
			isa = PBXNativeTarget;
			buildConfigurationList = 1834B1EC1E7FBEEE00DA89F6 /* Build configuration list for PBXNativeTarget "NotificationViewController" */;
			buildPhases = (
				1834B1DA1E7FBEEE00DA89F6 /* Sources */,
				1834B1DB1E7FBEEE00DA89F6 /* Frameworks */,
				1834B1DC1E7FBEEE00DA89F6 /* Resources */,
			);
			buildRules = (
			);
			dependencies = (
			);
			name = NotificationViewController;
			productName = NotificationViewController;
			productReference = 1834B1DE1E7FBEEE00DA89F6 /* NotificationViewController.appex */;
			productType = "com.apple.product-type.app-extension";
		};
/* End PBXNativeTarget section */

/* Begin PBXProject section */
		1834B18B1E7FA93A00DA89F6 /* Project object */ = {
			isa = PBXProject;
			attributes = {
				LastSwiftUpdateCheck = 0820;
				LastUpgradeCheck = 0820;
				ORGANIZATIONNAME = Apple;
				TargetAttributes = {
					1834B1921E7FA93A00DA89F6 = {
						CreatedOnToolsVersion = 8.2.1;
						DevelopmentTeam = 9Z59VK8KP3;
						ProvisioningStyle = Automatic;
						SystemCapabilities = {
							com.apple.BackgroundModes = {
								enabled = 1;
							};
							com.apple.Push = {
								enabled = 1;
							};
						};
					};
					1834B1A61E7FA93A00DA89F6 = {
						CreatedOnToolsVersion = 8.2.1;
						ProvisioningStyle = Automatic;
						TestTargetID = 1834B1921E7FA93A00DA89F6;
					};
					1834B1B11E7FA93A00DA89F6 = {
						CreatedOnToolsVersion = 8.2.1;
						ProvisioningStyle = Automatic;
						TestTargetID = 1834B1921E7FA93A00DA89F6;
					};
					1834B1CD1E7FBB2E00DA89F6 = {
						CreatedOnToolsVersion = 8.2.1;
						DevelopmentTeam = 9Z59VK8KP3;
						ProvisioningStyle = Automatic;
					};
					1834B1DD1E7FBEEE00DA89F6 = {
						CreatedOnToolsVersion = 8.2.1;
						DevelopmentTeam = 9Z59VK8KP3;
						ProvisioningStyle = Automatic;
					};
				};
			};
			buildConfigurationList = 1834B18E1E7FA93A00DA89F6 /* Build configuration list for PBXProject "NotificationDemo" */;
			compatibilityVersion = "Xcode 3.2";
			developmentRegion = English;
			hasScannedForEncodings = 0;
			knownRegions = (
				en,
				Base,
			);
			mainGroup = 1834B18A1E7FA93A00DA89F6;
			productRefGroup = 1834B1941E7FA93A00DA89F6 /* Products */;
			projectDirPath = "";
			projectRoot = "";
			targets = (
				1834B1921E7FA93A00DA89F6 /* NotificationDemo */,
				1834B1A61E7FA93A00DA89F6 /* NotificationDemoTests */,
				1834B1B11E7FA93A00DA89F6 /* NotificationDemoUITests */,
				1834B1CD1E7FBB2E00DA89F6 /* NotificationService */,
				1834B1DD1E7FBEEE00DA89F6 /* NotificationViewController */,
			);
		};
/* End PBXProject section */

/* Begin PBXResourcesBuildPhase section */
		1834B1911E7FA93A00DA89F6 /* Resources */ = {
			isa = PBXResourcesBuildPhase;
			buildActionMask = 2147483647;
			files = (
				1834B1A11E7FA93A00DA89F6 /* LaunchScreen.storyboard in Resources */,
				1834B19E1E7FA93A00DA89F6 /* Assets.xcassets in Resources */,
				1834B19C1E7FA93A00DA89F6 /* Main.storyboard in Resources */,
			);
			runOnlyForDeploymentPostprocessing = 0;
		};
		1834B1A51E7FA93A00DA89F6 /* Resources */ = {
			isa = PBXResourcesBuildPhase;
			buildActionMask = 2147483647;
			files = (
			);
			runOnlyForDeploymentPostprocessing = 0;
		};
		1834B1B01E7FA93A00DA89F6 /* Resources */ = {
			isa = PBXResourcesBuildPhase;
			buildActionMask = 2147483647;
			files = (
			);
			runOnlyForDeploymentPostprocessing = 0;
		};
		1834B1CC1E7FBB2E00DA89F6 /* Resources */ = {
			isa = PBXResourcesBuildPhase;
			buildActionMask = 2147483647;
			files = (
			);
			runOnlyForDeploymentPostprocessing = 0;
		};
		1834B1DC1E7FBEEE00DA89F6 /* Resources */ = {
			isa = PBXResourcesBuildPhase;
			buildActionMask = 2147483647;
			files = (
				1834B1E71E7FBEEE00DA89F6 /* MainInterface.storyboard in Resources */,
			);
			runOnlyForDeploymentPostprocessing = 0;
		};
/* End PBXResourcesBuildPhase section */

/* Begin PBXSourcesBuildPhase section */
		1834B18F1E7FA93A00DA89F6 /* Sources */ = {
			isa = PBXSourcesBuildPhase;
			buildActionMask = 2147483647;
			files = (
				1834B1991E7FA93A00DA89F6 /* ViewController.swift in Sources */,
				1834B1971E7FA93A00DA89F6 /* AppDelegate.swift in Sources */,
			);
			runOnlyForDeploymentPostprocessing = 0;
		};
		1834B1A31E7FA93A00DA89F6 /* Sources */ = {
			isa = PBXSourcesBuildPhase;
			buildActionMask = 2147483647;
			files = (
				1834B1AC1E7FA93A00DA89F6 /* NotificationDemoTests.swift in Sources */,
			);
			runOnlyForDeploymentPostprocessing = 0;
		};
		1834B1AE1E7FA93A00DA89F6 /* Sources */ = {
			isa = PBXSourcesBuildPhase;
			buildActionMask = 2147483647;
			files = (
				1834B1B71E7FA93A00DA89F6 /* NotificationDemoUITests.swift in Sources */,
			);
			runOnlyForDeploymentPostprocessing = 0;
		};
		1834B1CA1E7FBB2E00DA89F6 /* Sources */ = {
			isa = PBXSourcesBuildPhase;
			buildActionMask = 2147483647;
			files = (
				1834B1D11E7FBB2E00DA89F6 /* NotificationService.swift in Sources */,
			);
			runOnlyForDeploymentPostprocessing = 0;
		};
		1834B1DA1E7FBEEE00DA89F6 /* Sources */ = {
			isa = PBXSourcesBuildPhase;
			buildActionMask = 2147483647;
			files = (
				1834B1E41E7FBEEE00DA89F6 /* NotificationViewController.swift in Sources */,
			);
			runOnlyForDeploymentPostprocessing = 0;
		};
/* End PBXSourcesBuildPhase section */

/* Begin PBXTargetDependency section */
		1834B1A91E7FA93A00DA89F6 /* PBXTargetDependency */ = {
			isa = PBXTargetDependency;
			target = 1834B1921E7FA93A00DA89F6 /* NotificationDemo */;
			targetProxy = 1834B1A81E7FA93A00DA89F6 /* PBXContainerItemProxy */;
		};
		1834B1B41E7FA93A00DA89F6 /* PBXTargetDependency */ = {
			isa = PBXTargetDependency;
			target = 1834B1921E7FA93A00DA89F6 /* NotificationDemo */;
			targetProxy = 1834B1B31E7FA93A00DA89F6 /* PBXContainerItemProxy */;
		};
		1834B1D41E7FBB2E00DA89F6 /* PBXTargetDependency */ = {
			isa = PBXTargetDependency;
			target = 1834B1CD1E7FBB2E00DA89F6 /* NotificationService */;
			targetProxy = 1834B1D31E7FBB2E00DA89F6 /* PBXContainerItemProxy */;
		};
		1834B1EA1E7FBEEE00DA89F6 /* PBXTargetDependency */ = {
			isa = PBXTargetDependency;
			target = 1834B1DD1E7FBEEE00DA89F6 /* NotificationViewController */;
			targetProxy = 1834B1E91E7FBEEE00DA89F6 /* PBXContainerItemProxy */;
		};
/* End PBXTargetDependency section */

/* Begin PBXVariantGroup section */
		1834B19A1E7FA93A00DA89F6 /* Main.storyboard */ = {
			isa = PBXVariantGroup;
			children = (
				1834B19B1E7FA93A00DA89F6 /* Base */,
			);
			name = Main.storyboard;
			sourceTree = "<group>";
		};
		1834B19F1E7FA93A00DA89F6 /* LaunchScreen.storyboard */ = {
			isa = PBXVariantGroup;
			children = (
				1834B1A01E7FA93A00DA89F6 /* Base */,
			);
			name = LaunchScreen.storyboard;
			sourceTree = "<group>";
		};
		1834B1E51E7FBEEE00DA89F6 /* MainInterface.storyboard */ = {
			isa = PBXVariantGroup;
			children = (
				1834B1E61E7FBEEE00DA89F6 /* Base */,
			);
			name = MainInterface.storyboard;
			sourceTree = "<group>";
		};
/* End PBXVariantGroup section */

/* Begin XCBuildConfiguration section */
		1834B1B91E7FA93A00DA89F6 /* Debug */ = {
			isa = XCBuildConfiguration;
			buildSettings = {
				ALWAYS_SEARCH_USER_PATHS = NO;
				CLANG_ANALYZER_NONNULL = YES;
				CLANG_CXX_LANGUAGE_STANDARD = "gnu++0x";
				CLANG_CXX_LIBRARY = "libc++";
				CLANG_ENABLE_MODULES = YES;
				CLANG_ENABLE_OBJC_ARC = YES;
				CLANG_WARN_BOOL_CONVERSION = YES;
				CLANG_WARN_CONSTANT_CONVERSION = YES;
				CLANG_WARN_DIRECT_OBJC_ISA_USAGE = YES_ERROR;
				CLANG_WARN_DOCUMENTATION_COMMENTS = YES;
				CLANG_WARN_EMPTY_BODY = YES;
				CLANG_WARN_ENUM_CONVERSION = YES;
				CLANG_WARN_INFINITE_RECURSION = YES;
				CLANG_WARN_INT_CONVERSION = YES;
				CLANG_WARN_OBJC_ROOT_CLASS = YES_ERROR;
				CLANG_WARN_SUSPICIOUS_MOVE = YES;
				CLANG_WARN_UNREACHABLE_CODE = YES;
				CLANG_WARN__DUPLICATE_METHOD_MATCH = YES;
				"CODE_SIGN_IDENTITY[sdk=iphoneos*]" = "iPhone Developer";
				COPY_PHASE_STRIP = NO;
				DEBUG_INFORMATION_FORMAT = dwarf;
				ENABLE_STRICT_OBJC_MSGSEND = YES;
				ENABLE_TESTABILITY = YES;
				GCC_C_LANGUAGE_STANDARD = gnu99;
				GCC_DYNAMIC_NO_PIC = NO;
				GCC_NO_COMMON_BLOCKS = YES;
				GCC_OPTIMIZATION_LEVEL = 0;
				GCC_PREPROCESSOR_DEFINITIONS = (
					"DEBUG=1",
					"$(inherited)",
				);
				GCC_WARN_64_TO_32_BIT_CONVERSION = YES;
				GCC_WARN_ABOUT_RETURN_TYPE = YES_ERROR;
				GCC_WARN_UNDECLARED_SELECTOR = YES;
				GCC_WARN_UNINITIALIZED_AUTOS = YES_AGGRESSIVE;
				GCC_WARN_UNUSED_FUNCTION = YES;
				GCC_WARN_UNUSED_VARIABLE = YES;
				IPHONEOS_DEPLOYMENT_TARGET = 10.2;
				MTL_ENABLE_DEBUG_INFO = YES;
				ONLY_ACTIVE_ARCH = YES;
				SDKROOT = iphoneos;
				SWIFT_ACTIVE_COMPILATION_CONDITIONS = DEBUG;
				SWIFT_OPTIMIZATION_LEVEL = "-Onone";
				TARGETED_DEVICE_FAMILY = "1,2";
			};
			name = Debug;
		};
		1834B1BA1E7FA93A00DA89F6 /* Release */ = {
			isa = XCBuildConfiguration;
			buildSettings = {
				ALWAYS_SEARCH_USER_PATHS = NO;
				CLANG_ANALYZER_NONNULL = YES;
				CLANG_CXX_LANGUAGE_STANDARD = "gnu++0x";
				CLANG_CXX_LIBRARY = "libc++";
				CLANG_ENABLE_MODULES = YES;
				CLANG_ENABLE_OBJC_ARC = YES;
				CLANG_WARN_BOOL_CONVERSION = YES;
				CLANG_WARN_CONSTANT_CONVERSION = YES;
				CLANG_WARN_DIRECT_OBJC_ISA_USAGE = YES_ERROR;
				CLANG_WARN_DOCUMENTATION_COMMENTS = YES;
				CLANG_WARN_EMPTY_BODY = YES;
				CLANG_WARN_ENUM_CONVERSION = YES;
				CLANG_WARN_INFINITE_RECURSION = YES;
				CLANG_WARN_INT_CONVERSION = YES;
				CLANG_WARN_OBJC_ROOT_CLASS = YES_ERROR;
				CLANG_WARN_SUSPICIOUS_MOVE = YES;
				CLANG_WARN_UNREACHABLE_CODE = YES;
				CLANG_WARN__DUPLICATE_METHOD_MATCH = YES;
				"CODE_SIGN_IDENTITY[sdk=iphoneos*]" = "iPhone Developer";
				COPY_PHASE_STRIP = NO;
				DEBUG_INFORMATION_FORMAT = "dwarf-with-dsym";
				ENABLE_NS_ASSERTIONS = NO;
				ENABLE_STRICT_OBJC_MSGSEND = YES;
				GCC_C_LANGUAGE_STANDARD = gnu99;
				GCC_NO_COMMON_BLOCKS = YES;
				GCC_WARN_64_TO_32_BIT_CONVERSION = YES;
				GCC_WARN_ABOUT_RETURN_TYPE = YES_ERROR;
				GCC_WARN_UNDECLARED_SELECTOR = YES;
				GCC_WARN_UNINITIALIZED_AUTOS = YES_AGGRESSIVE;
				GCC_WARN_UNUSED_FUNCTION = YES;
				GCC_WARN_UNUSED_VARIABLE = YES;
				IPHONEOS_DEPLOYMENT_TARGET = 10.2;
				MTL_ENABLE_DEBUG_INFO = NO;
				SDKROOT = iphoneos;
				SWIFT_OPTIMIZATION_LEVEL = "-Owholemodule";
				TARGETED_DEVICE_FAMILY = "1,2";
				VALIDATE_PRODUCT = YES;
			};
			name = Release;
		};
		1834B1BC1E7FA93A00DA89F6 /* Debug */ = {
			isa = XCBuildConfiguration;
			buildSettings = {
				ALWAYS_EMBED_SWIFT_STANDARD_LIBRARIES = YES;
				ASSETCATALOG_COMPILER_APPICON_NAME = AppIcon;
				CODE_SIGN_ENTITLEMENTS = NotificationDemo/NotificationDemo.entitlements;
				DEVELOPMENT_TEAM = 9Z59VK8KP3;
				INFOPLIST_FILE = NotificationDemo/Info.plist;
				LD_RUNPATH_SEARCH_PATHS = "$(inherited) @executable_path/Frameworks";
				PRODUCT_BUNDLE_IDENTIFIER = Immanent.NotificationDemo;
				PRODUCT_NAME = "$(TARGET_NAME)";
				SWIFT_VERSION = 3.0;
			};
			name = Debug;
		};
		1834B1BD1E7FA93A00DA89F6 /* Release */ = {
			isa = XCBuildConfiguration;
			buildSettings = {
				ALWAYS_EMBED_SWIFT_STANDARD_LIBRARIES = YES;
				ASSETCATALOG_COMPILER_APPICON_NAME = AppIcon;
				CODE_SIGN_ENTITLEMENTS = NotificationDemo/NotificationDemo.entitlements;
				DEVELOPMENT_TEAM = 9Z59VK8KP3;
				INFOPLIST_FILE = NotificationDemo/Info.plist;
				LD_RUNPATH_SEARCH_PATHS = "$(inherited) @executable_path/Frameworks";
				PRODUCT_BUNDLE_IDENTIFIER = Immanent.NotificationDemo;
				PRODUCT_NAME = "$(TARGET_NAME)";
				SWIFT_VERSION = 3.0;
			};
			name = Release;
		};
		1834B1BF1E7FA93A00DA89F6 /* Debug */ = {
			isa = XCBuildConfiguration;
			buildSettings = {
				ALWAYS_EMBED_SWIFT_STANDARD_LIBRARIES = YES;
				BUNDLE_LOADER = "$(TEST_HOST)";
				INFOPLIST_FILE = NotificationDemoTests/Info.plist;
				LD_RUNPATH_SEARCH_PATHS = "$(inherited) @executable_path/Frameworks @loader_path/Frameworks";
				PRODUCT_BUNDLE_IDENTIFIER = Immanent.NotificationDemoTests;
				PRODUCT_NAME = "$(TARGET_NAME)";
				SWIFT_VERSION = 3.0;
				TEST_HOST = "$(BUILT_PRODUCTS_DIR)/NotificationDemo.app/NotificationDemo";
			};
			name = Debug;
		};
		1834B1C01E7FA93A00DA89F6 /* Release */ = {
			isa = XCBuildConfiguration;
			buildSettings = {
				ALWAYS_EMBED_SWIFT_STANDARD_LIBRARIES = YES;
				BUNDLE_LOADER = "$(TEST_HOST)";
				INFOPLIST_FILE = NotificationDemoTests/Info.plist;
				LD_RUNPATH_SEARCH_PATHS = "$(inherited) @executable_path/Frameworks @loader_path/Frameworks";
				PRODUCT_BUNDLE_IDENTIFIER = Immanent.NotificationDemoTests;
				PRODUCT_NAME = "$(TARGET_NAME)";
				SWIFT_VERSION = 3.0;
				TEST_HOST = "$(BUILT_PRODUCTS_DIR)/NotificationDemo.app/NotificationDemo";
			};
			name = Release;
		};
		1834B1C21E7FA93A00DA89F6 /* Debug */ = {
			isa = XCBuildConfiguration;
			buildSettings = {
				ALWAYS_EMBED_SWIFT_STANDARD_LIBRARIES = YES;
				INFOPLIST_FILE = NotificationDemoUITests/Info.plist;
				LD_RUNPATH_SEARCH_PATHS = "$(inherited) @executable_path/Frameworks @loader_path/Frameworks";
				PRODUCT_BUNDLE_IDENTIFIER = Immanent.NotificationDemoUITests;
				PRODUCT_NAME = "$(TARGET_NAME)";
				SWIFT_VERSION = 3.0;
				TEST_TARGET_NAME = NotificationDemo;
			};
			name = Debug;
		};
		1834B1C31E7FA93A00DA89F6 /* Release */ = {
			isa = XCBuildConfiguration;
			buildSettings = {
				ALWAYS_EMBED_SWIFT_STANDARD_LIBRARIES = YES;
				INFOPLIST_FILE = NotificationDemoUITests/Info.plist;
				LD_RUNPATH_SEARCH_PATHS = "$(inherited) @executable_path/Frameworks @loader_path/Frameworks";
				PRODUCT_BUNDLE_IDENTIFIER = Immanent.NotificationDemoUITests;
				PRODUCT_NAME = "$(TARGET_NAME)";
				SWIFT_VERSION = 3.0;
				TEST_TARGET_NAME = NotificationDemo;
			};
			name = Release;
		};
		1834B1D71E7FBB2E00DA89F6 /* Debug */ = {
			isa = XCBuildConfiguration;
			buildSettings = {
				DEVELOPMENT_TEAM = 9Z59VK8KP3;
				INFOPLIST_FILE = NotificationService/Info.plist;
				IPHONEOS_DEPLOYMENT_TARGET = 10.0;
				LD_RUNPATH_SEARCH_PATHS = "$(inherited) @executable_path/Frameworks @executable_path/../../Frameworks";
				PRODUCT_BUNDLE_IDENTIFIER = Immanent.NotificationDemo.NotificationService;
				PRODUCT_NAME = "$(TARGET_NAME)";
				SKIP_INSTALL = YES;
				SWIFT_VERSION = 3.0;
			};
			name = Debug;
		};
		1834B1D81E7FBB2E00DA89F6 /* Release */ = {
			isa = XCBuildConfiguration;
			buildSettings = {
				DEVELOPMENT_TEAM = 9Z59VK8KP3;
				INFOPLIST_FILE = NotificationService/Info.plist;
				IPHONEOS_DEPLOYMENT_TARGET = 10.0;
				LD_RUNPATH_SEARCH_PATHS = "$(inherited) @executable_path/Frameworks @executable_path/../../Frameworks";
				PRODUCT_BUNDLE_IDENTIFIER = Immanent.NotificationDemo.NotificationService;
				PRODUCT_NAME = "$(TARGET_NAME)";
				SKIP_INSTALL = YES;
				SWIFT_VERSION = 3.0;
			};
			name = Release;
		};
		1834B1ED1E7FBEEE00DA89F6 /* Debug */ = {
			isa = XCBuildConfiguration;
			buildSettings = {
				DEVELOPMENT_TEAM = 9Z59VK8KP3;
				INFOPLIST_FILE = NotificationViewController/Info.plist;
				IPHONEOS_DEPLOYMENT_TARGET = 10.0;
				LD_RUNPATH_SEARCH_PATHS = "$(inherited) @executable_path/Frameworks @executable_path/../../Frameworks";
				PRODUCT_BUNDLE_IDENTIFIER = Immanent.NotificationDemo.NotificationViewController;
				PRODUCT_NAME = "$(TARGET_NAME)";
				SKIP_INSTALL = YES;
				SWIFT_VERSION = 3.0;
			};
			name = Debug;
		};
		1834B1EE1E7FBEEE00DA89F6 /* Release */ = {
			isa = XCBuildConfiguration;
			buildSettings = {
				DEVELOPMENT_TEAM = 9Z59VK8KP3;
				INFOPLIST_FILE = NotificationViewController/Info.plist;
				IPHONEOS_DEPLOYMENT_TARGET = 10.0;
				LD_RUNPATH_SEARCH_PATHS = "$(inherited) @executable_path/Frameworks @executable_path/../../Frameworks";
				PRODUCT_BUNDLE_IDENTIFIER = Immanent.NotificationDemo.NotificationViewController;
				PRODUCT_NAME = "$(TARGET_NAME)";
				SKIP_INSTALL = YES;
				SWIFT_VERSION = 3.0;
			};
			name = Release;
		};
/* End XCBuildConfiguration section */

/* Begin XCConfigurationList section */
		1834B18E1E7FA93A00DA89F6 /* Build configuration list for PBXProject "NotificationDemo" */ = {
			isa = XCConfigurationList;
			buildConfigurations = (
				1834B1B91E7FA93A00DA89F6 /* Debug */,
				1834B1BA1E7FA93A00DA89F6 /* Release */,
			);
			defaultConfigurationIsVisible = 0;
			defaultConfigurationName = Release;
		};
		1834B1BB1E7FA93A00DA89F6 /* Build configuration list for PBXNativeTarget "NotificationDemo" */ = {
			isa = XCConfigurationList;
			buildConfigurations = (
				1834B1BC1E7FA93A00DA89F6 /* Debug */,
				1834B1BD1E7FA93A00DA89F6 /* Release */,
			);
			defaultConfigurationIsVisible = 0;
		};
		1834B1BE1E7FA93A00DA89F6 /* Build configuration list for PBXNativeTarget "NotificationDemoTests" */ = {
			isa = XCConfigurationList;
			buildConfigurations = (
				1834B1BF1E7FA93A00DA89F6 /* Debug */,
				1834B1C01E7FA93A00DA89F6 /* Release */,
			);
			defaultConfigurationIsVisible = 0;
		};
		1834B1C11E7FA93A00DA89F6 /* Build configuration list for PBXNativeTarget "NotificationDemoUITests" */ = {
			isa = XCConfigurationList;
			buildConfigurations = (
				1834B1C21E7FA93A00DA89F6 /* Debug */,
				1834B1C31E7FA93A00DA89F6 /* Release */,
			);
			defaultConfigurationIsVisible = 0;
		};
		1834B1D61E7FBB2E00DA89F6 /* Build configuration list for PBXNativeTarget "NotificationService" */ = {
			isa = XCConfigurationList;
			buildConfigurations = (
				1834B1D71E7FBB2E00DA89F6 /* Debug */,
				1834B1D81E7FBB2E00DA89F6 /* Release */,
			);
			defaultConfigurationIsVisible = 0;
		};
		1834B1EC1E7FBEEE00DA89F6 /* Build configuration list for PBXNativeTarget "NotificationViewController" */ = {
			isa = XCConfigurationList;
			buildConfigurations = (
				1834B1ED1E7FBEEE00DA89F6 /* Debug */,
				1834B1EE1E7FBEEE00DA89F6 /* Release */,
			);
			defaultConfigurationIsVisible = 0;
		};
/* End XCConfigurationList section */
	};
	rootObject = 1834B18B1E7FA93A00DA89F6 /* Project object */;
}
